
Microsoft Visual Studio Solution File, Format Version 12.00
# Visual Studio Version 16
VisualStudioVersion = 16.0.28803.452
MinimumVisualStudioVersion = 10.0.40219.1
Project("{FAE04EC0-301F-11D3-BF4B-00C04F79EFBC}") = "Chronometer", "Chronometer\Chronometer.csproj", "{18D8AEB7-F239-47B4-AE96-AB855A936AF9}"
EndProject
Global
	GlobalSection(SolutionConfigurationPlatforms) = preSolution
		Debug|Any CPU = Debug|Any CPU
		Release|Any CPU = Release|Any CPU
	EndGlobalSection
	GlobalSection(ProjectConfigurationPlatforms) = postSolution
		{18D8AEB7-F239-47B4-AE96-AB855A936AF9}.Debug|Any CPU.ActiveCfg = Debug|Any CPU
		{18D8AEB7-F239-47B4-AE96-AB855A936AF9}.Debug|Any CPU.Build.0 = Debug|Any CPU
		{18D8AEB7-F239-47B4-AE96-AB855A936AF9}.Release|Any CPU.ActiveCfg = Release|Any CPU
		{18D8AEB7-F239-47B4-AE96-AB855A936AF9}.Release|Any CPU.Build.0 = Release|Any CPU
	EndGlobalSection
	GlobalSection(SolutionProperties) = preSolution
		HideSolutionNode = FALSE
	EndGlobalSection
	GlobalSection(ExtensibilityGlobals) = postSolution
		SolutionGuid = {30695C52-29AE-4BB1-B17E-2E5A95C7C9E2}
	EndGlobalSection
EndGlobal
